
Microsoft Visual Studio Solution File, Format Version 12.00
# Visual Studio 15
VisualStudioVersion = 15.0.27004.2002
MinimumVisualStudioVersion = 10.0.40219.1
Project("{FAE04EC0-301F-11D3-BF4B-00C04F79EFBC}") = "BayoWeatherForecastTest", "BayoWeatherForecastTest\BayoWeatherForecastTest.csproj", "{652E86E3-B4E3-4242-9A33-AE9615A1F3B3}"
EndProject
Global
	GlobalSection(SolutionConfigurationPlatforms) = preSolution
		Debug|Any CPU = Debug|Any CPU
		Release|Any CPU = Release|Any CPU
	EndGlobalSection
	GlobalSection(ProjectConfigurationPlatforms) = postSolution
		{652E86E3-B4E3-4242-9A33-AE9615A1F3B3}.Debug|Any CPU.ActiveCfg = Debug|Any CPU
		{652E86E3-B4E3-4242-9A33-AE9615A1F3B3}.Debug|Any CPU.Build.0 = Debug|Any CPU
		{652E86E3-B4E3-4242-9A33-AE9615A1F3B3}.Release|Any CPU.ActiveCfg = Release|Any CPU
		{652E86E3-B4E3-4242-9A33-AE9615A1F3B3}.Release|Any CPU.Build.0 = Release|Any CPU
	EndGlobalSection
	GlobalSection(SolutionProperties) = preSolution
		HideSolutionNode = FALSE
	EndGlobalSection
	GlobalSection(ExtensibilityGlobals) = postSolution
		SolutionGuid = {56D2FDE8-614D-4B84-9974-D234334C76F5}
	EndGlobalSection
EndGlobal
